// !$*UTF8*$!
{
	archiveVersion = 1;
	classes = {
	};
	objectVersion = 46;
	objects = {

/* Begin PBXBuildFile section */
		269B212FB4B26AEFE002C65F /* libPods-AMPObjCStudyTest.a in Frameworks */ = {isa = PBXBuildFile; fileRef = 3AAB3D7E3091DC548D4AE5AA /* libPods-AMPObjCStudyTest.a */; };
		34A4705D9C8F208B4B63A1E9 /* libPods-AMPObjCStudy.a in Frameworks */ = {isa = PBXBuildFile; fileRef = 835BE9E11E9F406A2255F789 /* libPods-AMPObjCStudy.a */; };
		8A0C70241EACD8EF001A8914 /* AMPExtern.m in Sources */ = {isa = PBXBuildFile; fileRef = 8A0C70231EACD8EF001A8914 /* AMPExtern.m */; };
		8A0C70251EACD8EF001A8914 /* AMPExtern.m in Sources */ = {isa = PBXBuildFile; fileRef = 8A0C70231EACD8EF001A8914 /* AMPExtern.m */; };
		8A2564F81E9F717C00F0E47D /* main.m in Sources */ = {isa = PBXBuildFile; fileRef = 8A2564F71E9F717C00F0E47D /* main.m */; };
		8A25650E1E9F902F00F0E47D /* AMPCreatureTest.m in Sources */ = {isa = PBXBuildFile; fileRef = 8A25650D1E9F902F00F0E47D /* AMPCreatureTest.m */; };
		8A657A351EA628CD008BA2AC /* AMPNumberArraySpec.m in Sources */ = {isa = PBXBuildFile; fileRef = 8A657A341EA628CD008BA2AC /* AMPNumberArraySpec.m */; };
		8AA5440F1EA911530085A52F /* AMPCarWashTest.m in Sources */ = {isa = PBXBuildFile; fileRef = 8AA5440E1EA911530085A52F /* AMPCarWashTest.m */; };
		8AA544101EA911530085A52F /* AMPCarWashTest.m in Sources */ = {isa = PBXBuildFile; fileRef = 8AA5440E1EA911530085A52F /* AMPCarWashTest.m */; settings = {COMPILER_FLAGS = "-fno-objc-arc"; }; };
		8AA544581EACAB390085A52F /* AMPBuilding.m in Sources */ = {isa = PBXBuildFile; fileRef = 8AA544181EACAB390085A52F /* AMPBuilding.m */; };
		8AA544591EACAB390085A52F /* AMPBuilding.m in Sources */ = {isa = PBXBuildFile; fileRef = 8AA544181EACAB390085A52F /* AMPBuilding.m */; settings = {COMPILER_FLAGS = "-fno-objc-arc"; }; };
		8AA5445A1EACAB390085A52F /* AMPCarWashAdministration.m in Sources */ = {isa = PBXBuildFile; fileRef = 8AA5441A1EACAB390085A52F /* AMPCarWashAdministration.m */; };
		8AA5445B1EACAB390085A52F /* AMPCarWashAdministration.m in Sources */ = {isa = PBXBuildFile; fileRef = 8AA5441A1EACAB390085A52F /* AMPCarWashAdministration.m */; settings = {COMPILER_FLAGS = "-fno-objc-arc"; }; };
		8AA5445C1EACAB390085A52F /* AMPCarWashBuilding.m in Sources */ = {isa = PBXBuildFile; fileRef = 8AA5441C1EACAB390085A52F /* AMPCarWashBuilding.m */; };
		8AA5445D1EACAB390085A52F /* AMPCarWashBuilding.m in Sources */ = {isa = PBXBuildFile; fileRef = 8AA5441C1EACAB390085A52F /* AMPCarWashBuilding.m */; settings = {COMPILER_FLAGS = "-fno-objc-arc"; }; };
		8AA5445E1EACAB390085A52F /* AMPCar.m in Sources */ = {isa = PBXBuildFile; fileRef = 8AA5441F1EACAB390085A52F /* AMPCar.m */; };
		8AA5445F1EACAB390085A52F /* AMPCar.m in Sources */ = {isa = PBXBuildFile; fileRef = 8AA5441F1EACAB390085A52F /* AMPCar.m */; settings = {COMPILER_FLAGS = "-fno-objc-arc"; }; };
		8AA544601EACAB390085A52F /* AMPCarWash.m in Sources */ = {isa = PBXBuildFile; fileRef = 8AA544221EACAB390085A52F /* AMPCarWash.m */; };
		8AA544611EACAB390085A52F /* AMPCarWash.m in Sources */ = {isa = PBXBuildFile; fileRef = 8AA544221EACAB390085A52F /* AMPCarWash.m */; settings = {COMPILER_FLAGS = "-fno-objc-arc"; }; };
		8AA544621EACAB390085A52F /* AMPAccountant.m in Sources */ = {isa = PBXBuildFile; fileRef = 8AA544281EACAB390085A52F /* AMPAccountant.m */; };
		8AA544631EACAB390085A52F /* AMPAccountant.m in Sources */ = {isa = PBXBuildFile; fileRef = 8AA544281EACAB390085A52F /* AMPAccountant.m */; settings = {COMPILER_FLAGS = "-fno-objc-arc"; }; };
		8AA544661EACAB390085A52F /* AMPDirector.m in Sources */ = {isa = PBXBuildFile; fileRef = 8AA5442C1EACAB390085A52F /* AMPDirector.m */; };
		8AA544671EACAB390085A52F /* AMPDirector.m in Sources */ = {isa = PBXBuildFile; fileRef = 8AA5442C1EACAB390085A52F /* AMPDirector.m */; settings = {COMPILER_FLAGS = "-fno-objc-arc"; }; };
		8AA544681EACAB390085A52F /* AMPHuman.m in Sources */ = {isa = PBXBuildFile; fileRef = 8AA5442E1EACAB390085A52F /* AMPHuman.m */; };
		8AA544691EACAB390085A52F /* AMPHuman.m in Sources */ = {isa = PBXBuildFile; fileRef = 8AA5442E1EACAB390085A52F /* AMPHuman.m */; settings = {COMPILER_FLAGS = "-fno-objc-arc"; }; };
		8AA5446A1EACAB390085A52F /* AMPWasher.m in Sources */ = {isa = PBXBuildFile; fileRef = 8AA544301EACAB390085A52F /* AMPWasher.m */; };
		8AA5446B1EACAB390085A52F /* AMPWasher.m in Sources */ = {isa = PBXBuildFile; fileRef = 8AA544301EACAB390085A52F /* AMPWasher.m */; settings = {COMPILER_FLAGS = "-fno-objc-arc"; }; };
		8AA5446C1EACAB390085A52F /* AMPCarWashRoom.m in Sources */ = {isa = PBXBuildFile; fileRef = 8AA544331EACAB390085A52F /* AMPCarWashRoom.m */; };
		8AA5446D1EACAB390085A52F /* AMPCarWashRoom.m in Sources */ = {isa = PBXBuildFile; fileRef = 8AA544331EACAB390085A52F /* AMPCarWashRoom.m */; settings = {COMPILER_FLAGS = "-fno-objc-arc"; }; };
		8AA5446E1EACAB390085A52F /* AMPRoom.m in Sources */ = {isa = PBXBuildFile; fileRef = 8AA544351EACAB390085A52F /* AMPRoom.m */; };
		8AA5446F1EACAB390085A52F /* AMPRoom.m in Sources */ = {isa = PBXBuildFile; fileRef = 8AA544351EACAB390085A52F /* AMPRoom.m */; settings = {COMPILER_FLAGS = "-fno-objc-arc"; }; };
		8AA544701EACAB390085A52F /* AMPCreature.m in Sources */ = {isa = PBXBuildFile; fileRef = 8AA544381EACAB390085A52F /* AMPCreature.m */; };
		8AA544711EACAB390085A52F /* AMPCreature.m in Sources */ = {isa = PBXBuildFile; fileRef = 8AA544381EACAB390085A52F /* AMPCreature.m */; settings = {COMPILER_FLAGS = "-fno-objc-arc"; }; };
		8AA544721EACAB390085A52F /* AMPCreatureFemale.m in Sources */ = {isa = PBXBuildFile; fileRef = 8AA5443A1EACAB390085A52F /* AMPCreatureFemale.m */; };
		8AA544731EACAB390085A52F /* AMPCreatureFemale.m in Sources */ = {isa = PBXBuildFile; fileRef = 8AA5443A1EACAB390085A52F /* AMPCreatureFemale.m */; settings = {COMPILER_FLAGS = "-fno-objc-arc"; }; };
		8AA544741EACAB390085A52F /* AMPCreatureMale.m in Sources */ = {isa = PBXBuildFile; fileRef = 8AA5443C1EACAB390085A52F /* AMPCreatureMale.m */; };
		8AA544751EACAB390085A52F /* AMPCreatureMale.m in Sources */ = {isa = PBXBuildFile; fileRef = 8AA5443C1EACAB390085A52F /* AMPCreatureMale.m */; settings = {COMPILER_FLAGS = "-fno-objc-arc"; }; };
		8AA544761EACAB390085A52F /* AMPNumberArray.m in Sources */ = {isa = PBXBuildFile; fileRef = 8AA544401EACAB390085A52F /* AMPNumberArray.m */; };
		8AA544771EACAB390085A52F /* AMPNumberArray.m in Sources */ = {isa = PBXBuildFile; fileRef = 8AA544401EACAB390085A52F /* AMPNumberArray.m */; settings = {COMPILER_FLAGS = "-fno-objc-arc"; }; };
		8AA544781EACAB390085A52F /* AMPArrayNumberArray.m in Sources */ = {isa = PBXBuildFile; fileRef = 8AA544441EACAB390085A52F /* AMPArrayNumberArray.m */; };
		8AA544791EACAB390085A52F /* AMPArrayNumberArray.m in Sources */ = {isa = PBXBuildFile; fileRef = 8AA544441EACAB390085A52F /* AMPArrayNumberArray.m */; settings = {COMPILER_FLAGS = "-fno-objc-arc"; }; };
		8AA5447A1EACAB390085A52F /* AMPLinkedList.m in Sources */ = {isa = PBXBuildFile; fileRef = 8AA544481EACAB390085A52F /* AMPLinkedList.m */; };
		8AA5447B1EACAB390085A52F /* AMPLinkedList.m in Sources */ = {isa = PBXBuildFile; fileRef = 8AA544481EACAB390085A52F /* AMPLinkedList.m */; settings = {COMPILER_FLAGS = "-fno-objc-arc"; }; };
		8AA5447C1EACAB390085A52F /* AMPLinkedListNode.m in Sources */ = {isa = PBXBuildFile; fileRef = 8AA5444B1EACAB390085A52F /* AMPLinkedListNode.m */; };
		8AA5447D1EACAB390085A52F /* AMPLinkedListNode.m in Sources */ = {isa = PBXBuildFile; fileRef = 8AA5444B1EACAB390085A52F /* AMPLinkedListNode.m */; settings = {COMPILER_FLAGS = "-fno-objc-arc"; }; };
		8AA5447E1EACAB390085A52F /* AMPLinkedListNumberArray.m in Sources */ = {isa = PBXBuildFile; fileRef = 8AA5444D1EACAB390085A52F /* AMPLinkedListNumberArray.m */; };
		8AA5447F1EACAB390085A52F /* AMPLinkedListNumberArray.m in Sources */ = {isa = PBXBuildFile; fileRef = 8AA5444D1EACAB390085A52F /* AMPLinkedListNumberArray.m */; settings = {COMPILER_FLAGS = "-fno-objc-arc"; }; };
		8AA544801EACAB390085A52F /* AMPRangeNumberArray.m in Sources */ = {isa = PBXBuildFile; fileRef = 8AA544501EACAB390085A52F /* AMPRangeNumberArray.m */; };
		8AA544811EACAB390085A52F /* AMPRangeNumberArray.m in Sources */ = {isa = PBXBuildFile; fileRef = 8AA544501EACAB390085A52F /* AMPRangeNumberArray.m */; settings = {COMPILER_FLAGS = "-fno-objc-arc"; }; };
		8AA544821EACAB390085A52F /* NSArray+AMPExtensions.m in Sources */ = {isa = PBXBuildFile; fileRef = 8AA544531EACAB390085A52F /* NSArray+AMPExtensions.m */; };
		8AA544831EACAB390085A52F /* NSArray+AMPExtensions.m in Sources */ = {isa = PBXBuildFile; fileRef = 8AA544531EACAB390085A52F /* NSArray+AMPExtensions.m */; settings = {COMPILER_FLAGS = "-fno-objc-arc"; }; };
		8AA544841EACAB390085A52F /* NSObject+AMPExtensions.m in Sources */ = {isa = PBXBuildFile; fileRef = 8AA544551EACAB390085A52F /* NSObject+AMPExtensions.m */; };
		8AA544851EACAB390085A52F /* NSObject+AMPExtensions.m in Sources */ = {isa = PBXBuildFile; fileRef = 8AA544551EACAB390085A52F /* NSObject+AMPExtensions.m */; settings = {COMPILER_FLAGS = "-fno-objc-arc"; }; };
		8AA544861EACAB390085A52F /* NSString+AMPRandom.m in Sources */ = {isa = PBXBuildFile; fileRef = 8AA544571EACAB390085A52F /* NSString+AMPRandom.m */; };
		8AA544871EACAB390085A52F /* NSString+AMPRandom.m in Sources */ = {isa = PBXBuildFile; fileRef = 8AA544571EACAB390085A52F /* NSString+AMPRandom.m */; settings = {COMPILER_FLAGS = "-fno-objc-arc"; }; };
/* End PBXBuildFile section */

/* Begin PBXCopyFilesBuildPhase section */
		8A2564F21E9F717C00F0E47D /* CopyFiles */ = {
			isa = PBXCopyFilesBuildPhase;
			buildActionMask = 2147483647;
			dstPath = /usr/share/man/man1/;
			dstSubfolderSpec = 0;
			files = (
			);
			runOnlyForDeploymentPostprocessing = 1;
		};
/* End PBXCopyFilesBuildPhase section */

/* Begin PBXFileReference section */
		155F04F9C1DF311A9C967710 /* Pods-AMPObjCStudyTest.release.xcconfig */ = {isa = PBXFileReference; includeInIndex = 1; lastKnownFileType = text.xcconfig; name = "Pods-AMPObjCStudyTest.release.xcconfig"; path = "Pods/Target Support Files/Pods-AMPObjCStudyTest/Pods-AMPObjCStudyTest.release.xcconfig"; sourceTree = "<group>"; };
		1682FF060B44819B6EE211BB /* Pods-AMPObjCStudy.debug.xcconfig */ = {isa = PBXFileReference; includeInIndex = 1; lastKnownFileType = text.xcconfig; name = "Pods-AMPObjCStudy.debug.xcconfig"; path = "Pods/Target Support Files/Pods-AMPObjCStudy/Pods-AMPObjCStudy.debug.xcconfig"; sourceTree = "<group>"; };
		1CB7087AC0291DFEB6BC6A37 /* Pods-AMPObjCStudyTest.debug.xcconfig */ = {isa = PBXFileReference; includeInIndex = 1; lastKnownFileType = text.xcconfig; name = "Pods-AMPObjCStudyTest.debug.xcconfig"; path = "Pods/Target Support Files/Pods-AMPObjCStudyTest/Pods-AMPObjCStudyTest.debug.xcconfig"; sourceTree = "<group>"; };
		3AAB3D7E3091DC548D4AE5AA /* libPods-AMPObjCStudyTest.a */ = {isa = PBXFileReference; explicitFileType = archive.ar; includeInIndex = 0; path = "libPods-AMPObjCStudyTest.a"; sourceTree = BUILT_PRODUCTS_DIR; };
		835BE9E11E9F406A2255F789 /* libPods-AMPObjCStudy.a */ = {isa = PBXFileReference; explicitFileType = archive.ar; includeInIndex = 0; path = "libPods-AMPObjCStudy.a"; sourceTree = BUILT_PRODUCTS_DIR; };
		8A0C70221EACD8EF001A8914 /* AMPExtern.h */ = {isa = PBXFileReference; fileEncoding = 4; lastKnownFileType = sourcecode.c.h; path = AMPExtern.h; sourceTree = "<group>"; };
		8A0C70231EACD8EF001A8914 /* AMPExtern.m */ = {isa = PBXFileReference; fileEncoding = 4; lastKnownFileType = sourcecode.c.objc; path = AMPExtern.m; sourceTree = "<group>"; };
		8A2564F41E9F717C00F0E47D /* AMPObjCStudy */ = {isa = PBXFileReference; explicitFileType = "compiled.mach-o.executable"; includeInIndex = 0; path = AMPObjCStudy; sourceTree = BUILT_PRODUCTS_DIR; };
		8A2564F71E9F717C00F0E47D /* main.m */ = {isa = PBXFileReference; lastKnownFileType = sourcecode.c.objc; path = main.m; sourceTree = "<group>"; };
		8A25650C1E9F902F00F0E47D /* AMPCreatureTest.h */ = {isa = PBXFileReference; fileEncoding = 4; lastKnownFileType = sourcecode.c.h; path = AMPCreatureTest.h; sourceTree = "<group>"; };
		8A25650D1E9F902F00F0E47D /* AMPCreatureTest.m */ = {isa = PBXFileReference; fileEncoding = 4; lastKnownFileType = sourcecode.c.objc; path = AMPCreatureTest.m; sourceTree = "<group>"; };
		8A657A341EA628CD008BA2AC /* AMPNumberArraySpec.m */ = {isa = PBXFileReference; fileEncoding = 4; lastKnownFileType = sourcecode.c.objc; path = AMPNumberArraySpec.m; sourceTree = "<group>"; };
		8AA5440D1EA911530085A52F /* AMPCarWashTest.h */ = {isa = PBXFileReference; fileEncoding = 4; lastKnownFileType = sourcecode.c.h; path = AMPCarWashTest.h; sourceTree = "<group>"; };
		8AA5440E1EA911530085A52F /* AMPCarWashTest.m */ = {isa = PBXFileReference; fileEncoding = 4; lastKnownFileType = sourcecode.c.objc; path = AMPCarWashTest.m; sourceTree = "<group>"; };
		8AA544171EACAB390085A52F /* AMPBuilding.h */ = {isa = PBXFileReference; fileEncoding = 4; lastKnownFileType = sourcecode.c.h; path = AMPBuilding.h; sourceTree = "<group>"; };
		8AA544181EACAB390085A52F /* AMPBuilding.m */ = {isa = PBXFileReference; fileEncoding = 4; lastKnownFileType = sourcecode.c.objc; path = AMPBuilding.m; sourceTree = "<group>"; };
		8AA544191EACAB390085A52F /* AMPCarWashAdministration.h */ = {isa = PBXFileReference; fileEncoding = 4; lastKnownFileType = sourcecode.c.h; path = AMPCarWashAdministration.h; sourceTree = "<group>"; };
		8AA5441A1EACAB390085A52F /* AMPCarWashAdministration.m */ = {isa = PBXFileReference; fileEncoding = 4; lastKnownFileType = sourcecode.c.objc; path = AMPCarWashAdministration.m; sourceTree = "<group>"; };
		8AA5441B1EACAB390085A52F /* AMPCarWashBuilding.h */ = {isa = PBXFileReference; fileEncoding = 4; lastKnownFileType = sourcecode.c.h; path = AMPCarWashBuilding.h; sourceTree = "<group>"; };
		8AA5441C1EACAB390085A52F /* AMPCarWashBuilding.m */ = {isa = PBXFileReference; fileEncoding = 4; lastKnownFileType = sourcecode.c.objc; path = AMPCarWashBuilding.m; sourceTree = "<group>"; };
		8AA5441E1EACAB390085A52F /* AMPCar.h */ = {isa = PBXFileReference; fileEncoding = 4; lastKnownFileType = sourcecode.c.h; path = AMPCar.h; sourceTree = "<group>"; };
		8AA5441F1EACAB390085A52F /* AMPCar.m */ = {isa = PBXFileReference; fileEncoding = 4; lastKnownFileType = sourcecode.c.objc; path = AMPCar.m; sourceTree = "<group>"; };
		8AA544211EACAB390085A52F /* AMPCarWash.h */ = {isa = PBXFileReference; fileEncoding = 4; lastKnownFileType = sourcecode.c.h; path = AMPCarWash.h; sourceTree = "<group>"; };
		8AA544221EACAB390085A52F /* AMPCarWash.m */ = {isa = PBXFileReference; fileEncoding = 4; lastKnownFileType = sourcecode.c.objc; path = AMPCarWash.m; sourceTree = "<group>"; };
		8AA544241EACAB390085A52F /* AMPMoneyFlow.h */ = {isa = PBXFileReference; fileEncoding = 4; lastKnownFileType = sourcecode.c.h; path = AMPMoneyFlow.h; sourceTree = "<group>"; };
		8AA544251EACAB390085A52F /* AMPCarWashWasher.h */ = {isa = PBXFileReference; fileEncoding = 4; lastKnownFileType = sourcecode.c.h; path = AMPCarWashWasher.h; sourceTree = "<group>"; };
		8AA544271EACAB390085A52F /* AMPAccountant.h */ = {isa = PBXFileReference; fileEncoding = 4; lastKnownFileType = sourcecode.c.h; path = AMPAccountant.h; sourceTree = "<group>"; };
		8AA544281EACAB390085A52F /* AMPAccountant.m */ = {isa = PBXFileReference; fileEncoding = 4; lastKnownFileType = sourcecode.c.objc; path = AMPAccountant.m; sourceTree = "<group>"; };
		8AA5442B1EACAB390085A52F /* AMPDirector.h */ = {isa = PBXFileReference; fileEncoding = 4; lastKnownFileType = sourcecode.c.h; path = AMPDirector.h; sourceTree = "<group>"; };
		8AA5442C1EACAB390085A52F /* AMPDirector.m */ = {isa = PBXFileReference; fileEncoding = 4; lastKnownFileType = sourcecode.c.objc; path = AMPDirector.m; sourceTree = "<group>"; };
		8AA5442D1EACAB390085A52F /* AMPHuman.h */ = {isa = PBXFileReference; fileEncoding = 4; lastKnownFileType = sourcecode.c.h; path = AMPHuman.h; sourceTree = "<group>"; };
		8AA5442E1EACAB390085A52F /* AMPHuman.m */ = {isa = PBXFileReference; fileEncoding = 4; lastKnownFileType = sourcecode.c.objc; path = AMPHuman.m; sourceTree = "<group>"; };
		8AA5442F1EACAB390085A52F /* AMPWasher.h */ = {isa = PBXFileReference; fileEncoding = 4; lastKnownFileType = sourcecode.c.h; path = AMPWasher.h; sourceTree = "<group>"; };
		8AA544301EACAB390085A52F /* AMPWasher.m */ = {isa = PBXFileReference; fileEncoding = 4; lastKnownFileType = sourcecode.c.objc; path = AMPWasher.m; sourceTree = "<group>"; };
		8AA544321EACAB390085A52F /* AMPCarWashRoom.h */ = {isa = PBXFileReference; fileEncoding = 4; lastKnownFileType = sourcecode.c.h; path = AMPCarWashRoom.h; sourceTree = "<group>"; };
		8AA544331EACAB390085A52F /* AMPCarWashRoom.m */ = {isa = PBXFileReference; fileEncoding = 4; lastKnownFileType = sourcecode.c.objc; path = AMPCarWashRoom.m; sourceTree = "<group>"; };
		8AA544341EACAB390085A52F /* AMPRoom.h */ = {isa = PBXFileReference; fileEncoding = 4; lastKnownFileType = sourcecode.c.h; path = AMPRoom.h; sourceTree = "<group>"; };
		8AA544351EACAB390085A52F /* AMPRoom.m */ = {isa = PBXFileReference; fileEncoding = 4; lastKnownFileType = sourcecode.c.objc; path = AMPRoom.m; sourceTree = "<group>"; };
		8AA544371EACAB390085A52F /* AMPCreature.h */ = {isa = PBXFileReference; fileEncoding = 4; lastKnownFileType = sourcecode.c.h; path = AMPCreature.h; sourceTree = "<group>"; };
		8AA544381EACAB390085A52F /* AMPCreature.m */ = {isa = PBXFileReference; fileEncoding = 4; lastKnownFileType = sourcecode.c.objc; path = AMPCreature.m; sourceTree = "<group>"; };
		8AA544391EACAB390085A52F /* AMPCreatureFemale.h */ = {isa = PBXFileReference; fileEncoding = 4; lastKnownFileType = sourcecode.c.h; path = AMPCreatureFemale.h; sourceTree = "<group>"; };
		8AA5443A1EACAB390085A52F /* AMPCreatureFemale.m */ = {isa = PBXFileReference; fileEncoding = 4; lastKnownFileType = sourcecode.c.objc; path = AMPCreatureFemale.m; sourceTree = "<group>"; };
		8AA5443B1EACAB390085A52F /* AMPCreatureMale.h */ = {isa = PBXFileReference; fileEncoding = 4; lastKnownFileType = sourcecode.c.h; path = AMPCreatureMale.h; sourceTree = "<group>"; };
		8AA5443C1EACAB390085A52F /* AMPCreatureMale.m */ = {isa = PBXFileReference; fileEncoding = 4; lastKnownFileType = sourcecode.c.objc; path = AMPCreatureMale.m; sourceTree = "<group>"; };
		8AA5443D1EACAB390085A52F /* AMPMacros.h */ = {isa = PBXFileReference; fileEncoding = 4; lastKnownFileType = sourcecode.c.h; path = AMPMacros.h; sourceTree = "<group>"; };
		8AA5443F1EACAB390085A52F /* AMPNumberArray.h */ = {isa = PBXFileReference; fileEncoding = 4; lastKnownFileType = sourcecode.c.h; path = AMPNumberArray.h; sourceTree = "<group>"; };
		8AA544401EACAB390085A52F /* AMPNumberArray.m */ = {isa = PBXFileReference; fileEncoding = 4; lastKnownFileType = sourcecode.c.objc; path = AMPNumberArray.m; sourceTree = "<group>"; };
		8AA544431EACAB390085A52F /* AMPArrayNumberArray.h */ = {isa = PBXFileReference; fileEncoding = 4; lastKnownFileType = sourcecode.c.h; path = AMPArrayNumberArray.h; sourceTree = "<group>"; };
		8AA544441EACAB390085A52F /* AMPArrayNumberArray.m */ = {isa = PBXFileReference; fileEncoding = 4; lastKnownFileType = sourcecode.c.objc; path = AMPArrayNumberArray.m; sourceTree = "<group>"; };
		8AA544471EACAB390085A52F /* AMPLinkedList.h */ = {isa = PBXFileReference; fileEncoding = 4; lastKnownFileType = sourcecode.c.h; path = AMPLinkedList.h; sourceTree = "<group>"; };
		8AA544481EACAB390085A52F /* AMPLinkedList.m */ = {isa = PBXFileReference; fileEncoding = 4; lastKnownFileType = sourcecode.c.objc; path = AMPLinkedList.m; sourceTree = "<group>"; };
		8AA5444A1EACAB390085A52F /* AMPLinkedListNode.h */ = {isa = PBXFileReference; fileEncoding = 4; lastKnownFileType = sourcecode.c.h; path = AMPLinkedListNode.h; sourceTree = "<group>"; };
		8AA5444B1EACAB390085A52F /* AMPLinkedListNode.m */ = {isa = PBXFileReference; fileEncoding = 4; lastKnownFileType = sourcecode.c.objc; path = AMPLinkedListNode.m; sourceTree = "<group>"; };
		8AA5444C1EACAB390085A52F /* AMPLinkedListNumberArray.h */ = {isa = PBXFileReference; fileEncoding = 4; lastKnownFileType = sourcecode.c.h; path = AMPLinkedListNumberArray.h; sourceTree = "<group>"; };
		8AA5444D1EACAB390085A52F /* AMPLinkedListNumberArray.m */ = {isa = PBXFileReference; fileEncoding = 4; lastKnownFileType = sourcecode.c.objc; path = AMPLinkedListNumberArray.m; sourceTree = "<group>"; };
		8AA5444F1EACAB390085A52F /* AMPRangeNumberArray.h */ = {isa = PBXFileReference; fileEncoding = 4; lastKnownFileType = sourcecode.c.h; path = AMPRangeNumberArray.h; sourceTree = "<group>"; };
		8AA544501EACAB390085A52F /* AMPRangeNumberArray.m */ = {isa = PBXFileReference; fileEncoding = 4; lastKnownFileType = sourcecode.c.objc; path = AMPRangeNumberArray.m; sourceTree = "<group>"; };
		8AA544521EACAB390085A52F /* NSArray+AMPExtensions.h */ = {isa = PBXFileReference; fileEncoding = 4; lastKnownFileType = sourcecode.c.h; path = "NSArray+AMPExtensions.h"; sourceTree = "<group>"; };
		8AA544531EACAB390085A52F /* NSArray+AMPExtensions.m */ = {isa = PBXFileReference; fileEncoding = 4; lastKnownFileType = sourcecode.c.objc; path = "NSArray+AMPExtensions.m"; sourceTree = "<group>"; };
		8AA544541EACAB390085A52F /* NSObject+AMPExtensions.h */ = {isa = PBXFileReference; fileEncoding = 4; lastKnownFileType = sourcecode.c.h; path = "NSObject+AMPExtensions.h"; sourceTree = "<group>"; };
		8AA544551EACAB390085A52F /* NSObject+AMPExtensions.m */ = {isa = PBXFileReference; fileEncoding = 4; lastKnownFileType = sourcecode.c.objc; path = "NSObject+AMPExtensions.m"; sourceTree = "<group>"; };
		8AA544561EACAB390085A52F /* NSString+AMPRandom.h */ = {isa = PBXFileReference; fileEncoding = 4; lastKnownFileType = sourcecode.c.h; path = "NSString+AMPRandom.h"; sourceTree = "<group>"; };
		8AA544571EACAB390085A52F /* NSString+AMPRandom.m */ = {isa = PBXFileReference; fileEncoding = 4; lastKnownFileType = sourcecode.c.objc; path = "NSString+AMPRandom.m"; sourceTree = "<group>"; };
		8AAB1EA11EA6228000F461D3 /* AMPObjCStudyTest.xctest */ = {isa = PBXFileReference; explicitFileType = wrapper.cfbundle; includeInIndex = 0; path = AMPObjCStudyTest.xctest; sourceTree = BUILT_PRODUCTS_DIR; };
		8AAB1EA51EA6228000F461D3 /* Info.plist */ = {isa = PBXFileReference; lastKnownFileType = text.plist.xml; path = Info.plist; sourceTree = "<group>"; };
		D98B5F6C3A624CB43CEB3663 /* Pods-AMPObjCStudy.release.xcconfig */ = {isa = PBXFileReference; includeInIndex = 1; lastKnownFileType = text.xcconfig; name = "Pods-AMPObjCStudy.release.xcconfig"; path = "Pods/Target Support Files/Pods-AMPObjCStudy/Pods-AMPObjCStudy.release.xcconfig"; sourceTree = "<group>"; };
/* End PBXFileReference section */

/* Begin PBXFrameworksBuildPhase section */
		8A2564F11E9F717C00F0E47D /* Frameworks */ = {
			isa = PBXFrameworksBuildPhase;
			buildActionMask = 2147483647;
			files = (
				34A4705D9C8F208B4B63A1E9 /* libPods-AMPObjCStudy.a in Frameworks */,
			);
			runOnlyForDeploymentPostprocessing = 0;
		};
		8AAB1E9E1EA6228000F461D3 /* Frameworks */ = {
			isa = PBXFrameworksBuildPhase;
			buildActionMask = 2147483647;
			files = (
				269B212FB4B26AEFE002C65F /* libPods-AMPObjCStudyTest.a in Frameworks */,
			);
			runOnlyForDeploymentPostprocessing = 0;
		};
/* End PBXFrameworksBuildPhase section */

/* Begin PBXGroup section */
		862BC6BA76C061C66CAC850B /* Frameworks */ = {
			isa = PBXGroup;
			children = (
				835BE9E11E9F406A2255F789 /* libPods-AMPObjCStudy.a */,
				3AAB3D7E3091DC548D4AE5AA /* libPods-AMPObjCStudyTest.a */,
			);
			name = Frameworks;
			sourceTree = "<group>";
		};
		8A2564EB1E9F717C00F0E47D = {
			isa = PBXGroup;
			children = (
				8A2564F61E9F717C00F0E47D /* AMPObjCStudy */,
				8AAB1EA21EA6228000F461D3 /* AMPObjCStudyTest */,
				8A2564F51E9F717C00F0E47D /* Products */,
				B1FB4816D3F7A8A7FF7E3799 /* Pods */,
				862BC6BA76C061C66CAC850B /* Frameworks */,
			);
			sourceTree = "<group>";
		};
		8A2564F51E9F717C00F0E47D /* Products */ = {
			isa = PBXGroup;
			children = (
				8A2564F41E9F717C00F0E47D /* AMPObjCStudy */,
				8AAB1EA11EA6228000F461D3 /* AMPObjCStudyTest.xctest */,
			);
			name = Products;
			sourceTree = "<group>";
		};
		8A2564F61E9F717C00F0E47D /* AMPObjCStudy */ = {
			isa = PBXGroup;
			children = (
				8AA544141EACAB390085A52F /* Source */,
				8A2565071E9F8FA900F0E47D /* Tests */,
				8A2564F71E9F717C00F0E47D /* main.m */,
			);
			path = AMPObjCStudy;
			sourceTree = "<group>";
		};
		8A2565071E9F8FA900F0E47D /* Tests */ = {
			isa = PBXGroup;
			children = (
				8AA5440C1EA911360085A52F /* AMPCarWashTest */,
				8A2565081E9F8FBB00F0E47D /* AMPCreatureTest */,
			);
			path = Tests;
			sourceTree = "<group>";
		};
		8A2565081E9F8FBB00F0E47D /* AMPCreatureTest */ = {
			isa = PBXGroup;
			children = (
				8A25650C1E9F902F00F0E47D /* AMPCreatureTest.h */,
				8A25650D1E9F902F00F0E47D /* AMPCreatureTest.m */,
			);
			path = AMPCreatureTest;
			sourceTree = "<group>";
		};
		8AA5440C1EA911360085A52F /* AMPCarWashTest */ = {
			isa = PBXGroup;
			children = (
				8AA5440D1EA911530085A52F /* AMPCarWashTest.h */,
				8AA5440E1EA911530085A52F /* AMPCarWashTest.m */,
			);
			path = AMPCarWashTest;
			sourceTree = "<group>";
		};
		8AA544141EACAB390085A52F /* Source */ = {
			isa = PBXGroup;
			children = (
				8AA544151EACAB390085A52F /* AMPCarWash */,
				8AA544361EACAB390085A52F /* AMPCreature */,
				8AA5443E1EACAB390085A52F /* AMPNumberArray */,
				8AA544511EACAB390085A52F /* Categories */,
				8AA5443D1EACAB390085A52F /* AMPMacros.h */,
				8A0C70221EACD8EF001A8914 /* AMPExtern.h */,
				8A0C70231EACD8EF001A8914 /* AMPExtern.m */,
			);
			path = Source;
			sourceTree = "<group>";
		};
		8AA544151EACAB390085A52F /* AMPCarWash */ = {
			isa = PBXGroup;
			children = (
				8AA544161EACAB390085A52F /* AMPBuilding */,
				8AA5441D1EACAB390085A52F /* AMPCar */,
				8AA544261EACAB390085A52F /* AMPHuman */,
				8AA544311EACAB390085A52F /* AMPRoom */,
				8AA544211EACAB390085A52F /* AMPCarWash.h */,
				8AA544221EACAB390085A52F /* AMPCarWash.m */,
				8AA544241EACAB390085A52F /* AMPMoneyFlow.h */,
				8AA544251EACAB390085A52F /* AMPCarWashWasher.h */,
			);
			path = AMPCarWash;
			sourceTree = "<group>";
		};
		8AA544161EACAB390085A52F /* AMPBuilding */ = {
			isa = PBXGroup;
			children = (
				8AA544171EACAB390085A52F /* AMPBuilding.h */,
				8AA544181EACAB390085A52F /* AMPBuilding.m */,
				8AA544191EACAB390085A52F /* AMPCarWashAdministration.h */,
				8AA5441A1EACAB390085A52F /* AMPCarWashAdministration.m */,
				8AA5441B1EACAB390085A52F /* AMPCarWashBuilding.h */,
				8AA5441C1EACAB390085A52F /* AMPCarWashBuilding.m */,
			);
			path = AMPBuilding;
			sourceTree = "<group>";
		};
		8AA5441D1EACAB390085A52F /* AMPCar */ = {
			isa = PBXGroup;
			children = (
				8AA5441E1EACAB390085A52F /* AMPCar.h */,
				8AA5441F1EACAB390085A52F /* AMPCar.m */,
			);
			path = AMPCar;
			sourceTree = "<group>";
		};
		8AA544261EACAB390085A52F /* AMPHuman */ = {
			isa = PBXGroup;
			children = (
				8AA544271EACAB390085A52F /* AMPAccountant.h */,
				8AA544281EACAB390085A52F /* AMPAccountant.m */,
				8AA5442B1EACAB390085A52F /* AMPDirector.h */,
				8AA5442C1EACAB390085A52F /* AMPDirector.m */,
				8AA5442D1EACAB390085A52F /* AMPHuman.h */,
				8AA5442E1EACAB390085A52F /* AMPHuman.m */,
				8AA5442F1EACAB390085A52F /* AMPWasher.h */,
				8AA544301EACAB390085A52F /* AMPWasher.m */,
			);
			path = AMPHuman;
			sourceTree = "<group>";
		};
		8AA544311EACAB390085A52F /* AMPRoom */ = {
			isa = PBXGroup;
			children = (
				8AA544321EACAB390085A52F /* AMPCarWashRoom.h */,
				8AA544331EACAB390085A52F /* AMPCarWashRoom.m */,
				8AA544341EACAB390085A52F /* AMPRoom.h */,
				8AA544351EACAB390085A52F /* AMPRoom.m */,
			);
			path = AMPRoom;
			sourceTree = "<group>";
		};
		8AA544361EACAB390085A52F /* AMPCreature */ = {
			isa = PBXGroup;
			children = (
				8AA544371EACAB390085A52F /* AMPCreature.h */,
				8AA544381EACAB390085A52F /* AMPCreature.m */,
				8AA544391EACAB390085A52F /* AMPCreatureFemale.h */,
				8AA5443A1EACAB390085A52F /* AMPCreatureFemale.m */,
				8AA5443B1EACAB390085A52F /* AMPCreatureMale.h */,
				8AA5443C1EACAB390085A52F /* AMPCreatureMale.m */,
			);
			path = AMPCreature;
			sourceTree = "<group>";
		};
		8AA5443E1EACAB390085A52F /* AMPNumberArray */ = {
			isa = PBXGroup;
			children = (
				8AA544411EACAB390085A52F /* Private */,
				8AA5443F1EACAB390085A52F /* AMPNumberArray.h */,
				8AA544401EACAB390085A52F /* AMPNumberArray.m */,
			);
			path = AMPNumberArray;
			sourceTree = "<group>";
		};
		8AA544411EACAB390085A52F /* Private */ = {
			isa = PBXGroup;
			children = (
				8AA544421EACAB390085A52F /* AMPArrayNumberArray */,
				8AA544451EACAB390085A52F /* AMPLinkedListNumberArray */,
				8AA5444E1EACAB390085A52F /* AMPRangeNumberArray */,
			);
			path = Private;
			sourceTree = "<group>";
		};
		8AA544421EACAB390085A52F /* AMPArrayNumberArray */ = {
			isa = PBXGroup;
			children = (
				8AA544431EACAB390085A52F /* AMPArrayNumberArray.h */,
				8AA544441EACAB390085A52F /* AMPArrayNumberArray.m */,
			);
			path = AMPArrayNumberArray;
			sourceTree = "<group>";
		};
		8AA544451EACAB390085A52F /* AMPLinkedListNumberArray */ = {
			isa = PBXGroup;
			children = (
				8AA544461EACAB390085A52F /* AMPLinkedList */,
				8AA5444C1EACAB390085A52F /* AMPLinkedListNumberArray.h */,
				8AA5444D1EACAB390085A52F /* AMPLinkedListNumberArray.m */,
			);
			path = AMPLinkedListNumberArray;
			sourceTree = "<group>";
		};
		8AA544461EACAB390085A52F /* AMPLinkedList */ = {
			isa = PBXGroup;
			children = (
				8AA544491EACAB390085A52F /* AMPLinkedListNode */,
				8AA544471EACAB390085A52F /* AMPLinkedList.h */,
				8AA544481EACAB390085A52F /* AMPLinkedList.m */,
			);
			path = AMPLinkedList;
			sourceTree = "<group>";
		};
		8AA544491EACAB390085A52F /* AMPLinkedListNode */ = {
			isa = PBXGroup;
			children = (
				8AA5444A1EACAB390085A52F /* AMPLinkedListNode.h */,
				8AA5444B1EACAB390085A52F /* AMPLinkedListNode.m */,
			);
			path = AMPLinkedListNode;
			sourceTree = "<group>";
		};
		8AA5444E1EACAB390085A52F /* AMPRangeNumberArray */ = {
			isa = PBXGroup;
			children = (
				8AA5444F1EACAB390085A52F /* AMPRangeNumberArray.h */,
				8AA544501EACAB390085A52F /* AMPRangeNumberArray.m */,
			);
			path = AMPRangeNumberArray;
			sourceTree = "<group>";
		};
		8AA544511EACAB390085A52F /* Categories */ = {
			isa = PBXGroup;
			children = (
				8AA544521EACAB390085A52F /* NSArray+AMPExtensions.h */,
				8AA544531EACAB390085A52F /* NSArray+AMPExtensions.m */,
				8AA544541EACAB390085A52F /* NSObject+AMPExtensions.h */,
				8AA544551EACAB390085A52F /* NSObject+AMPExtensions.m */,
				8AA544561EACAB390085A52F /* NSString+AMPRandom.h */,
				8AA544571EACAB390085A52F /* NSString+AMPRandom.m */,
			);
			path = Categories;
			sourceTree = "<group>";
		};
		8AAB1EA21EA6228000F461D3 /* AMPObjCStudyTest */ = {
			isa = PBXGroup;
			children = (
				8AAB1EA51EA6228000F461D3 /* Info.plist */,
				8A657A341EA628CD008BA2AC /* AMPNumberArraySpec.m */,
			);
			path = AMPObjCStudyTest;
			sourceTree = "<group>";
		};
		B1FB4816D3F7A8A7FF7E3799 /* Pods */ = {
			isa = PBXGroup;
			children = (
				1682FF060B44819B6EE211BB /* Pods-AMPObjCStudy.debug.xcconfig */,
				D98B5F6C3A624CB43CEB3663 /* Pods-AMPObjCStudy.release.xcconfig */,
				1CB7087AC0291DFEB6BC6A37 /* Pods-AMPObjCStudyTest.debug.xcconfig */,
				155F04F9C1DF311A9C967710 /* Pods-AMPObjCStudyTest.release.xcconfig */,
			);
			name = Pods;
			sourceTree = "<group>";
		};
/* End PBXGroup section */

/* Begin PBXNativeTarget section */
		8A2564F31E9F717C00F0E47D /* AMPObjCStudy */ = {
			isa = PBXNativeTarget;
			buildConfigurationList = 8A2564FB1E9F717C00F0E47D /* Build configuration list for PBXNativeTarget "AMPObjCStudy" */;
			buildPhases = (
				DD49142D13BBB4E1134F3E0C /* [CP] Check Pods Manifest.lock */,
				8A2564F01E9F717C00F0E47D /* Sources */,
				8A2564F11E9F717C00F0E47D /* Frameworks */,
				8A2564F21E9F717C00F0E47D /* CopyFiles */,
				E3A9153A48184186556B4626 /* [CP] Copy Pods Resources */,
			);
			buildRules = (
			);
			dependencies = (
			);
			name = AMPObjCStudy;
			productName = AMPObjCStudy;
			productReference = 8A2564F41E9F717C00F0E47D /* AMPObjCStudy */;
			productType = "com.apple.product-type.tool";
		};
		8AAB1EA01EA6228000F461D3 /* AMPObjCStudyTest */ = {
			isa = PBXNativeTarget;
			buildConfigurationList = 8AAB1EA81EA6228000F461D3 /* Build configuration list for PBXNativeTarget "AMPObjCStudyTest" */;
			buildPhases = (
				93830DC4DE342FBA75CC4A0E /* [CP] Check Pods Manifest.lock */,
				8AAB1E9D1EA6228000F461D3 /* Sources */,
				8AAB1E9E1EA6228000F461D3 /* Frameworks */,
				8AAB1E9F1EA6228000F461D3 /* Resources */,
				5333E46DC58A0AE6F49DD7B1 /* [CP] Embed Pods Frameworks */,
				BCA022E1FD05FBCFC599DF62 /* [CP] Copy Pods Resources */,
			);
			buildRules = (
			);
			dependencies = (
			);
			name = AMPObjCStudyTest;
			productName = AMPObjCStudyTest;
			productReference = 8AAB1EA11EA6228000F461D3 /* AMPObjCStudyTest.xctest */;
			productType = "com.apple.product-type.bundle.unit-test";
		};
/* End PBXNativeTarget section */

/* Begin PBXProject section */
		8A2564EC1E9F717C00F0E47D /* Project object */ = {
			isa = PBXProject;
			attributes = {
				LastUpgradeCheck = 0830;
				ORGANIZATIONNAME = pilotns;
				TargetAttributes = {
					8A2564F31E9F717C00F0E47D = {
						CreatedOnToolsVersion = 8.3.1;
						DevelopmentTeam = FWP6H8H8UZ;
						ProvisioningStyle = Automatic;
					};
					8AAB1EA01EA6228000F461D3 = {
						CreatedOnToolsVersion = 8.3.1;
						DevelopmentTeam = FWP6H8H8UZ;
						ProvisioningStyle = Automatic;
					};
				};
			};
			buildConfigurationList = 8A2564EF1E9F717C00F0E47D /* Build configuration list for PBXProject "AMPObjCStudy" */;
			compatibilityVersion = "Xcode 3.2";
			developmentRegion = English;
			hasScannedForEncodings = 0;
			knownRegions = (
				en,
			);
			mainGroup = 8A2564EB1E9F717C00F0E47D;
			productRefGroup = 8A2564F51E9F717C00F0E47D /* Products */;
			projectDirPath = "";
			projectRoot = "";
			targets = (
				8A2564F31E9F717C00F0E47D /* AMPObjCStudy */,
				8AAB1EA01EA6228000F461D3 /* AMPObjCStudyTest */,
			);
		};
/* End PBXProject section */

/* Begin PBXResourcesBuildPhase section */
		8AAB1E9F1EA6228000F461D3 /* Resources */ = {
			isa = PBXResourcesBuildPhase;
			buildActionMask = 2147483647;
			files = (
			);
			runOnlyForDeploymentPostprocessing = 0;
		};
/* End PBXResourcesBuildPhase section */

/* Begin PBXShellScriptBuildPhase section */
		5333E46DC58A0AE6F49DD7B1 /* [CP] Embed Pods Frameworks */ = {
			isa = PBXShellScriptBuildPhase;
			buildActionMask = 2147483647;
			files = (
			);
			inputPaths = (
			);
			name = "[CP] Embed Pods Frameworks";
			outputPaths = (
			);
			runOnlyForDeploymentPostprocessing = 0;
			shellPath = /bin/sh;
			shellScript = "\"${SRCROOT}/Pods/Target Support Files/Pods-AMPObjCStudyTest/Pods-AMPObjCStudyTest-frameworks.sh\"\n";
			showEnvVarsInLog = 0;
		};
		93830DC4DE342FBA75CC4A0E /* [CP] Check Pods Manifest.lock */ = {
			isa = PBXShellScriptBuildPhase;
			buildActionMask = 2147483647;
			files = (
			);
			inputPaths = (
			);
			name = "[CP] Check Pods Manifest.lock";
			outputPaths = (
			);
			runOnlyForDeploymentPostprocessing = 0;
			shellPath = /bin/sh;
			shellScript = "diff \"${PODS_ROOT}/../Podfile.lock\" \"${PODS_ROOT}/Manifest.lock\" > /dev/null\nif [ $? != 0 ] ; then\n    # print error to STDERR\n    echo \"error: The sandbox is not in sync with the Podfile.lock. Run 'pod install' or update your CocoaPods installation.\" >&2\n    exit 1\nfi\n";
			showEnvVarsInLog = 0;
		};
		BCA022E1FD05FBCFC599DF62 /* [CP] Copy Pods Resources */ = {
			isa = PBXShellScriptBuildPhase;
			buildActionMask = 2147483647;
			files = (
			);
			inputPaths = (
			);
			name = "[CP] Copy Pods Resources";
			outputPaths = (
			);
			runOnlyForDeploymentPostprocessing = 0;
			shellPath = /bin/sh;
			shellScript = "\"${SRCROOT}/Pods/Target Support Files/Pods-AMPObjCStudyTest/Pods-AMPObjCStudyTest-resources.sh\"\n";
			showEnvVarsInLog = 0;
		};
		DD49142D13BBB4E1134F3E0C /* [CP] Check Pods Manifest.lock */ = {
			isa = PBXShellScriptBuildPhase;
			buildActionMask = 2147483647;
			files = (
			);
			inputPaths = (
			);
			name = "[CP] Check Pods Manifest.lock";
			outputPaths = (
			);
			runOnlyForDeploymentPostprocessing = 0;
			shellPath = /bin/sh;
			shellScript = "diff \"${PODS_ROOT}/../Podfile.lock\" \"${PODS_ROOT}/Manifest.lock\" > /dev/null\nif [ $? != 0 ] ; then\n    # print error to STDERR\n    echo \"error: The sandbox is not in sync with the Podfile.lock. Run 'pod install' or update your CocoaPods installation.\" >&2\n    exit 1\nfi\n";
			showEnvVarsInLog = 0;
		};
		E3A9153A48184186556B4626 /* [CP] Copy Pods Resources */ = {
			isa = PBXShellScriptBuildPhase;
			buildActionMask = 2147483647;
			files = (
			);
			inputPaths = (
			);
			name = "[CP] Copy Pods Resources";
			outputPaths = (
			);
			runOnlyForDeploymentPostprocessing = 0;
			shellPath = /bin/sh;
			shellScript = "\"${SRCROOT}/Pods/Target Support Files/Pods-AMPObjCStudy/Pods-AMPObjCStudy-resources.sh\"\n";
			showEnvVarsInLog = 0;
		};
/* End PBXShellScriptBuildPhase section */

/* Begin PBXSourcesBuildPhase section */
		8A2564F01E9F717C00F0E47D /* Sources */ = {
			isa = PBXSourcesBuildPhase;
			buildActionMask = 2147483647;
			files = (
				8AA544741EACAB390085A52F /* AMPCreatureMale.m in Sources */,
				8AA544861EACAB390085A52F /* NSString+AMPRandom.m in Sources */,
				8AA544681EACAB390085A52F /* AMPHuman.m in Sources */,
				8AA544701EACAB390085A52F /* AMPCreature.m in Sources */,
				8AA544801EACAB390085A52F /* AMPRangeNumberArray.m in Sources */,
				8AA5446E1EACAB390085A52F /* AMPRoom.m in Sources */,
				8AA5445C1EACAB390085A52F /* AMPCarWashBuilding.m in Sources */,
				8AA544781EACAB390085A52F /* AMPArrayNumberArray.m in Sources */,
				8AA544581EACAB390085A52F /* AMPBuilding.m in Sources */,
				8AA5446C1EACAB390085A52F /* AMPCarWashRoom.m in Sources */,
				8AA544621EACAB390085A52F /* AMPAccountant.m in Sources */,
				8AA5445A1EACAB390085A52F /* AMPCarWashAdministration.m in Sources */,
				8A2564F81E9F717C00F0E47D /* main.m in Sources */,
				8AA544821EACAB390085A52F /* NSArray+AMPExtensions.m in Sources */,
				8A0C70241EACD8EF001A8914 /* AMPExtern.m in Sources */,
				8AA5447C1EACAB390085A52F /* AMPLinkedListNode.m in Sources */,
				8AA544721EACAB390085A52F /* AMPCreatureFemale.m in Sources */,
				8AA544761EACAB390085A52F /* AMPNumberArray.m in Sources */,
				8AA544841EACAB390085A52F /* NSObject+AMPExtensions.m in Sources */,
				8AA5447E1EACAB390085A52F /* AMPLinkedListNumberArray.m in Sources */,
				8A25650E1E9F902F00F0E47D /* AMPCreatureTest.m in Sources */,
				8AA5447A1EACAB390085A52F /* AMPLinkedList.m in Sources */,
				8AA5440F1EA911530085A52F /* AMPCarWashTest.m in Sources */,
				8AA544661EACAB390085A52F /* AMPDirector.m in Sources */,
				8AA544601EACAB390085A52F /* AMPCarWash.m in Sources */,
				8AA5445E1EACAB390085A52F /* AMPCar.m in Sources */,
				8AA5446A1EACAB390085A52F /* AMPWasher.m in Sources */,
			);
			runOnlyForDeploymentPostprocessing = 0;
		};
		8AAB1E9D1EA6228000F461D3 /* Sources */ = {
			isa = PBXSourcesBuildPhase;
			buildActionMask = 2147483647;
			files = (
				8A0C70251EACD8EF001A8914 /* AMPExtern.m in Sources */,
				8AA544731EACAB390085A52F /* AMPCreatureFemale.m in Sources */,
				8AA544851EACAB390085A52F /* NSObject+AMPExtensions.m in Sources */,
				8AA544631EACAB390085A52F /* AMPAccountant.m in Sources */,
				8AA544771EACAB390085A52F /* AMPNumberArray.m in Sources */,
				8AA544691EACAB390085A52F /* AMPHuman.m in Sources */,
				8AA544671EACAB390085A52F /* AMPDirector.m in Sources */,
				8AA544611EACAB390085A52F /* AMPCarWash.m in Sources */,
				8A657A351EA628CD008BA2AC /* AMPNumberArraySpec.m in Sources */,
				8AA5446B1EACAB390085A52F /* AMPWasher.m in Sources */,
				8AA544591EACAB390085A52F /* AMPBuilding.m in Sources */,
				8AA544811EACAB390085A52F /* AMPRangeNumberArray.m in Sources */,
				8AA544831EACAB390085A52F /* NSArray+AMPExtensions.m in Sources */,
				8AA5447D1EACAB390085A52F /* AMPLinkedListNode.m in Sources */,
				8AA544791EACAB390085A52F /* AMPArrayNumberArray.m in Sources */,
				8AA5445D1EACAB390085A52F /* AMPCarWashBuilding.m in Sources */,
				8AA544751EACAB390085A52F /* AMPCreatureMale.m in Sources */,
				8AA5445F1EACAB390085A52F /* AMPCar.m in Sources */,
				8AA5445B1EACAB390085A52F /* AMPCarWashAdministration.m in Sources */,
				8AA544871EACAB390085A52F /* NSString+AMPRandom.m in Sources */,
				8AA5447F1EACAB390085A52F /* AMPLinkedListNumberArray.m in Sources */,
				8AA5447B1EACAB390085A52F /* AMPLinkedList.m in Sources */,
				8AA544711EACAB390085A52F /* AMPCreature.m in Sources */,
				8AA5446D1EACAB390085A52F /* AMPCarWashRoom.m in Sources */,
				8AA544101EA911530085A52F /* AMPCarWashTest.m in Sources */,
				8AA5446F1EACAB390085A52F /* AMPRoom.m in Sources */,
			);
			runOnlyForDeploymentPostprocessing = 0;
		};
/* End PBXSourcesBuildPhase section */

/* Begin XCBuildConfiguration section */
		8A2564F91E9F717C00F0E47D /* Debug */ = {
			isa = XCBuildConfiguration;
			buildSettings = {
				ALWAYS_SEARCH_USER_PATHS = NO;
				CLANG_ANALYZER_NONNULL = YES;
				CLANG_ANALYZER_NUMBER_OBJECT_CONVERSION = YES_AGGRESSIVE;
				CLANG_CXX_LANGUAGE_STANDARD = "gnu++0x";
				CLANG_CXX_LIBRARY = "libc++";
				CLANG_ENABLE_MODULES = YES;
				CLANG_ENABLE_OBJC_ARC = YES;
				CLANG_WARN_BOOL_CONVERSION = YES;
				CLANG_WARN_CONSTANT_CONVERSION = YES;
				CLANG_WARN_DIRECT_OBJC_ISA_USAGE = YES_ERROR;
				CLANG_WARN_DOCUMENTATION_COMMENTS = YES;
				CLANG_WARN_EMPTY_BODY = YES;
				CLANG_WARN_ENUM_CONVERSION = YES;
				CLANG_WARN_INFINITE_RECURSION = YES;
				CLANG_WARN_INT_CONVERSION = YES;
				CLANG_WARN_OBJC_ROOT_CLASS = YES_ERROR;
				CLANG_WARN_SUSPICIOUS_MOVE = YES;
				CLANG_WARN_UNREACHABLE_CODE = YES;
				CLANG_WARN__DUPLICATE_METHOD_MATCH = YES;
				CODE_SIGN_IDENTITY = "-";
				COPY_PHASE_STRIP = NO;
				DEBUG_INFORMATION_FORMAT = dwarf;
				ENABLE_STRICT_OBJC_MSGSEND = YES;
				ENABLE_TESTABILITY = YES;
				GCC_C_LANGUAGE_STANDARD = gnu99;
				GCC_DYNAMIC_NO_PIC = NO;
				GCC_NO_COMMON_BLOCKS = YES;
				GCC_OPTIMIZATION_LEVEL = 0;
				GCC_PREPROCESSOR_DEFINITIONS = (
					"DEBUG=1",
					"$(inherited)",
				);
				GCC_WARN_64_TO_32_BIT_CONVERSION = YES;
				GCC_WARN_ABOUT_RETURN_TYPE = YES_ERROR;
				GCC_WARN_UNDECLARED_SELECTOR = YES;
				GCC_WARN_UNINITIALIZED_AUTOS = YES_AGGRESSIVE;
				GCC_WARN_UNUSED_FUNCTION = YES;
				GCC_WARN_UNUSED_VARIABLE = YES;
				MACOSX_DEPLOYMENT_TARGET = 10.12;
				MTL_ENABLE_DEBUG_INFO = YES;
				ONLY_ACTIVE_ARCH = YES;
				SDKROOT = macosx;
			};
			name = Debug;
		};
		8A2564FA1E9F717C00F0E47D /* Release */ = {
			isa = XCBuildConfiguration;
			buildSettings = {
				ALWAYS_SEARCH_USER_PATHS = NO;
				CLANG_ANALYZER_NONNULL = YES;
				CLANG_ANALYZER_NUMBER_OBJECT_CONVERSION = YES_AGGRESSIVE;
				CLANG_CXX_LANGUAGE_STANDARD = "gnu++0x";
				CLANG_CXX_LIBRARY = "libc++";
				CLANG_ENABLE_MODULES = YES;
				CLANG_ENABLE_OBJC_ARC = YES;
				CLANG_WARN_BOOL_CONVERSION = YES;
				CLANG_WARN_CONSTANT_CONVERSION = YES;
				CLANG_WARN_DIRECT_OBJC_ISA_USAGE = YES_ERROR;
				CLANG_WARN_DOCUMENTATION_COMMENTS = YES;
				CLANG_WARN_EMPTY_BODY = YES;
				CLANG_WARN_ENUM_CONVERSION = YES;
				CLANG_WARN_INFINITE_RECURSION = YES;
				CLANG_WARN_INT_CONVERSION = YES;
				CLANG_WARN_OBJC_ROOT_CLASS = YES_ERROR;
				CLANG_WARN_SUSPICIOUS_MOVE = YES;
				CLANG_WARN_UNREACHABLE_CODE = YES;
				CLANG_WARN__DUPLICATE_METHOD_MATCH = YES;
				CODE_SIGN_IDENTITY = "-";
				COPY_PHASE_STRIP = NO;
				DEBUG_INFORMATION_FORMAT = "dwarf-with-dsym";
				ENABLE_NS_ASSERTIONS = NO;
				ENABLE_STRICT_OBJC_MSGSEND = YES;
				GCC_C_LANGUAGE_STANDARD = gnu99;
				GCC_NO_COMMON_BLOCKS = YES;
				GCC_WARN_64_TO_32_BIT_CONVERSION = YES;
				GCC_WARN_ABOUT_RETURN_TYPE = YES_ERROR;
				GCC_WARN_UNDECLARED_SELECTOR = YES;
				GCC_WARN_UNINITIALIZED_AUTOS = YES_AGGRESSIVE;
				GCC_WARN_UNUSED_FUNCTION = YES;
				GCC_WARN_UNUSED_VARIABLE = YES;
				MACOSX_DEPLOYMENT_TARGET = 10.12;
				MTL_ENABLE_DEBUG_INFO = NO;
				SDKROOT = macosx;
			};
			name = Release;
		};
		8A2564FC1E9F717C00F0E47D /* Debug */ = {
			isa = XCBuildConfiguration;
			baseConfigurationReference = 1682FF060B44819B6EE211BB /* Pods-AMPObjCStudy.debug.xcconfig */;
			buildSettings = {
				CLANG_ENABLE_OBJC_ARC = NO;
				DEVELOPMENT_TEAM = FWP6H8H8UZ;
				PRODUCT_NAME = "$(TARGET_NAME)";
			};
			name = Debug;
		};
		8A2564FD1E9F717C00F0E47D /* Release */ = {
			isa = XCBuildConfiguration;
			baseConfigurationReference = D98B5F6C3A624CB43CEB3663 /* Pods-AMPObjCStudy.release.xcconfig */;
			buildSettings = {
				CLANG_ENABLE_OBJC_ARC = NO;
				DEVELOPMENT_TEAM = FWP6H8H8UZ;
				PRODUCT_NAME = "$(TARGET_NAME)";
			};
			name = Release;
		};
		8AAB1EA61EA6228000F461D3 /* Debug */ = {
			isa = XCBuildConfiguration;
			baseConfigurationReference = 1CB7087AC0291DFEB6BC6A37 /* Pods-AMPObjCStudyTest.debug.xcconfig */;
			buildSettings = {
				COMBINE_HIDPI_IMAGES = YES;
				DEVELOPMENT_TEAM = FWP6H8H8UZ;
				INFOPLIST_FILE = AMPObjCStudyTest/Info.plist;
				LD_RUNPATH_SEARCH_PATHS = "$(inherited) @executable_path/../Frameworks @loader_path/../Frameworks";
				PRODUCT_BUNDLE_IDENTIFIER = AMP.AMPObjCStudyTest;
				PRODUCT_NAME = "$(TARGET_NAME)";
			};
			name = Debug;
		};
		8AAB1EA71EA6228000F461D3 /* Release */ = {
			isa = XCBuildConfiguration;
			baseConfigurationReference = 155F04F9C1DF311A9C967710 /* Pods-AMPObjCStudyTest.release.xcconfig */;
			buildSettings = {
				COMBINE_HIDPI_IMAGES = YES;
				DEVELOPMENT_TEAM = FWP6H8H8UZ;
				INFOPLIST_FILE = AMPObjCStudyTest/Info.plist;
				LD_RUNPATH_SEARCH_PATHS = "$(inherited) @executable_path/../Frameworks @loader_path/../Frameworks";
				PRODUCT_BUNDLE_IDENTIFIER = AMP.AMPObjCStudyTest;
				PRODUCT_NAME = "$(TARGET_NAME)";
			};
			name = Release;
		};
/* End XCBuildConfiguration section */

/* Begin XCConfigurationList section */
		8A2564EF1E9F717C00F0E47D /* Build configuration list for PBXProject "AMPObjCStudy" */ = {
			isa = XCConfigurationList;
			buildConfigurations = (
				8A2564F91E9F717C00F0E47D /* Debug */,
				8A2564FA1E9F717C00F0E47D /* Release */,
			);
			defaultConfigurationIsVisible = 0;
			defaultConfigurationName = Release;
		};
		8A2564FB1E9F717C00F0E47D /* Build configuration list for PBXNativeTarget "AMPObjCStudy" */ = {
			isa = XCConfigurationList;
			buildConfigurations = (
				8A2564FC1E9F717C00F0E47D /* Debug */,
				8A2564FD1E9F717C00F0E47D /* Release */,
			);
			defaultConfigurationIsVisible = 0;
			defaultConfigurationName = Release;
		};
		8AAB1EA81EA6228000F461D3 /* Build configuration list for PBXNativeTarget "AMPObjCStudyTest" */ = {
			isa = XCConfigurationList;
			buildConfigurations = (
				8AAB1EA61EA6228000F461D3 /* Debug */,
				8AAB1EA71EA6228000F461D3 /* Release */,
			);
			defaultConfigurationIsVisible = 0;
			defaultConfigurationName = Release;
		};
/* End XCConfigurationList section */
	};
	rootObject = 8A2564EC1E9F717C00F0E47D /* Project object */;
}
